
Microsoft Visual Studio Solution File, Format Version 12.00
# Visual Studio Version 17
VisualStudioVersion = 17.5.33424.131
MinimumVisualStudioVersion = 10.0.40219.1
Project("{9A19103F-16F7-4668-BE54-9A1E7A4F7556}") = "WebApiApp", "WebApiApp\WebApiApp.csproj", "{3942D52B-16C5-443C-AD1D-07B5CAE1C3DB}"
EndProject
Project("{9A19103F-16F7-4668-BE54-9A1E7A4F7556}") = "WebProxyApp", "WebProxyApp\WebProxyApp.csproj", "{CDCEC6C8-896E-43F9-AAE9-760D990A0E59}"
EndProject
Project("{9A19103F-16F7-4668-BE54-9A1E7A4F7556}") = "LoginUI", "LoginUI\LoginUI.csproj", "{59B6A96D-C819-4688-885C-76F0BFD199E6}"
EndProject
Project("{9A19103F-16F7-4668-BE54-9A1E7A4F7556}") = "LoginMod", "LoginMod\LoginMod.csproj", "{A4169CC8-0030-4347-BB31-84D964892DA8}"
EndProject
Project("{2150E333-8FDC-42A3-9474-1A3956D46DE8}") = "Solution Items", "Solution Items", "{1647741B-47B8-4904-B63C-3375EABB2703}"
	ProjectSection(SolutionItems) = preProject
		.editorconfig = .editorconfig
		.gitignore = .gitignore
	EndProjectSection
EndProject
Project("{9A19103F-16F7-4668-BE54-9A1E7A4F7556}") = "UnitTests", "UnitTests\UnitTests.csproj", "{82102D70-9720-4110-A571-D6C0BCAE582A}"
EndProject
Project("{9A19103F-16F7-4668-BE54-9A1E7A4F7556}") = "DataMod", "DataMod\DataMod.csproj", "{5E4426A8-CC97-4C27-96F6-B83788DF03A3}"
EndProject
Project("{9A19103F-16F7-4668-BE54-9A1E7A4F7556}") = "LoginApi", "LoginApi\LoginApi.csproj", "{2A81A2D0-C582-418E-8B49-48B7CDCC76E9}"
EndProject
Project("{9A19103F-16F7-4668-BE54-9A1E7A4F7556}") = "DatabaseMod", "DatabaseMod\DatabaseMod.csproj", "{9D4A63DA-0DB0-4C68-A494-F2224ACEEF37}"
EndProject
Project("{9A19103F-16F7-4668-BE54-9A1E7A4F7556}") = "WebBlazorApp", "WebBlazorApp\WebBlazorApp.csproj", "{C7B019F5-D268-4619-A5B2-5F0BAAD13888}"
EndProject
Global
	GlobalSection(SolutionConfigurationPlatforms) = preSolution
		Debug|Any CPU = Debug|Any CPU
		Release|Any CPU = Release|Any CPU
	EndGlobalSection
	GlobalSection(ProjectConfigurationPlatforms) = postSolution
		{3942D52B-16C5-443C-AD1D-07B5CAE1C3DB}.Debug|Any CPU.ActiveCfg = Debug|Any CPU
		{3942D52B-16C5-443C-AD1D-07B5CAE1C3DB}.Debug|Any CPU.Build.0 = Debug|Any CPU
		{3942D52B-16C5-443C-AD1D-07B5CAE1C3DB}.Release|Any CPU.ActiveCfg = Release|Any CPU
		{3942D52B-16C5-443C-AD1D-07B5CAE1C3DB}.Release|Any CPU.Build.0 = Release|Any CPU
		{CDCEC6C8-896E-43F9-AAE9-760D990A0E59}.Debug|Any CPU.ActiveCfg = Debug|Any CPU
		{CDCEC6C8-896E-43F9-AAE9-760D990A0E59}.Debug|Any CPU.Build.0 = Debug|Any CPU
		{CDCEC6C8-896E-43F9-AAE9-760D990A0E59}.Release|Any CPU.ActiveCfg = Release|Any CPU
		{CDCEC6C8-896E-43F9-AAE9-760D990A0E59}.Release|Any CPU.Build.0 = Release|Any CPU
		{59B6A96D-C819-4688-885C-76F0BFD199E6}.Debug|Any CPU.ActiveCfg = Debug|Any CPU
		{59B6A96D-C819-4688-885C-76F0BFD199E6}.Debug|Any CPU.Build.0 = Debug|Any CPU
		{59B6A96D-C819-4688-885C-76F0BFD199E6}.Release|Any CPU.ActiveCfg = Release|Any CPU
		{59B6A96D-C819-4688-885C-76F0BFD199E6}.Release|Any CPU.Build.0 = Release|Any CPU
		{A4169CC8-0030-4347-BB31-84D964892DA8}.Debug|Any CPU.ActiveCfg = Debug|Any CPU
		{A4169CC8-0030-4347-BB31-84D964892DA8}.Debug|Any CPU.Build.0 = Debug|Any CPU
		{A4169CC8-0030-4347-BB31-84D964892DA8}.Release|Any CPU.ActiveCfg = Release|Any CPU
		{A4169CC8-0030-4347-BB31-84D964892DA8}.Release|Any CPU.Build.0 = Release|Any CPU
		{82102D70-9720-4110-A571-D6C0BCAE582A}.Debug|Any CPU.ActiveCfg = Debug|Any CPU
		{82102D70-9720-4110-A571-D6C0BCAE582A}.Debug|Any CPU.Build.0 = Debug|Any CPU
		{82102D70-9720-4110-A571-D6C0BCAE582A}.Release|Any CPU.ActiveCfg = Release|Any CPU
		{82102D70-9720-4110-A571-D6C0BCAE582A}.Release|Any CPU.Build.0 = Release|Any CPU
		{5E4426A8-CC97-4C27-96F6-B83788DF03A3}.Debug|Any CPU.ActiveCfg = Debug|Any CPU
		{5E4426A8-CC97-4C27-96F6-B83788DF03A3}.Debug|Any CPU.Build.0 = Debug|Any CPU
		{5E4426A8-CC97-4C27-96F6-B83788DF03A3}.Release|Any CPU.ActiveCfg = Release|Any CPU
		{5E4426A8-CC97-4C27-96F6-B83788DF03A3}.Release|Any CPU.Build.0 = Release|Any CPU
		{2A81A2D0-C582-418E-8B49-48B7CDCC76E9}.Debug|Any CPU.ActiveCfg = Debug|Any CPU
		{2A81A2D0-C582-418E-8B49-48B7CDCC76E9}.Debug|Any CPU.Build.0 = Debug|Any CPU
		{2A81A2D0-C582-418E-8B49-48B7CDCC76E9}.Release|Any CPU.ActiveCfg = Release|Any CPU
		{2A81A2D0-C582-418E-8B49-48B7CDCC76E9}.Release|Any CPU.Build.0 = Release|Any CPU
		{9D4A63DA-0DB0-4C68-A494-F2224ACEEF37}.Debug|Any CPU.ActiveCfg = Debug|Any CPU
		{9D4A63DA-0DB0-4C68-A494-F2224ACEEF37}.Debug|Any CPU.Build.0 = Debug|Any CPU
		{9D4A63DA-0DB0-4C68-A494-F2224ACEEF37}.Release|Any CPU.ActiveCfg = Release|Any CPU
		{9D4A63DA-0DB0-4C68-A494-F2224ACEEF37}.Release|Any CPU.Build.0 = Release|Any CPU
		{C7B019F5-D268-4619-A5B2-5F0BAAD13888}.Debug|Any CPU.ActiveCfg = Debug|Any CPU
		{C7B019F5-D268-4619-A5B2-5F0BAAD13888}.Debug|Any CPU.Build.0 = Debug|Any CPU
		{C7B019F5-D268-4619-A5B2-5F0BAAD13888}.Release|Any CPU.ActiveCfg = Release|Any CPU
		{C7B019F5-D268-4619-A5B2-5F0BAAD13888}.Release|Any CPU.Build.0 = Release|Any CPU
	EndGlobalSection
	GlobalSection(SolutionProperties) = preSolution
		HideSolutionNode = FALSE
	EndGlobalSection
	GlobalSection(ExtensibilityGlobals) = postSolution
		SolutionGuid = {AF682DD0-89E7-47BF-AE34-DE6C03807719}
	EndGlobalSection
EndGlobal
