
Microsoft Visual Studio Solution File, Format Version 12.00
# Visual Studio Version 17
VisualStudioVersion = 17.5.33424.131
MinimumVisualStudioVersion = 10.0.40219.1
Project("{9A19103F-16F7-4668-BE54-9A1E7A4F7556}") = "WebApiApp", "WebApiApp\WebApiApp.csproj", "{3942D52B-16C5-443C-AD1D-07B5CAE1C3DB}"
EndProject
Project("{9A19103F-16F7-4668-BE54-9A1E7A4F7556}") = "WebProxyApp", "WebProxyApp\WebProxyApp.csproj", "{CDCEC6C8-896E-43F9-AAE9-760D990A0E59}"
EndProject
Project("{9A19103F-16F7-4668-BE54-9A1E7A4F7556}") = "LoginUI", "LoginUI\LoginUI.csproj", "{59B6A96D-C819-4688-885C-76F0BFD199E6}"
EndProject
Project("{9A19103F-16F7-4668-BE54-9A1E7A4F7556}") = "LoginMod", "LoginMod\LoginMod.csproj", "{A4169CC8-0030-4347-BB31-84D964892DA8}"
EndProject
Project("{2150E333-8FDC-42A3-9474-1A3956D46DE8}") = "Solution Items", "Solution Items", "{1647741B-47B8-4904-B63C-3375EABB2703}"
	ProjectSection(SolutionItems) = preProject
		.editorconfig = .editorconfig
		.gitignore = .gitignore
		LICENSE = LICENSE
	EndProjectSection
EndProject
Project("{9A19103F-16F7-4668-BE54-9A1E7A4F7556}") = "DataMod", "DataMod\DataMod.csproj", "{5E4426A8-CC97-4C27-96F6-B83788DF03A3}"
EndProject
Project("{9A19103F-16F7-4668-BE54-9A1E7A4F7556}") = "LoginApi", "LoginApi\LoginApi.csproj", "{2A81A2D0-C582-418E-8B49-48B7CDCC76E9}"
EndProject
Project("{9A19103F-16F7-4668-BE54-9A1E7A4F7556}") = "DatabaseMod", "DatabaseMod\DatabaseMod.csproj", "{9D4A63DA-0DB0-4C68-A494-F2224ACEEF37}"
EndProject
Project("{9A19103F-16F7-4668-BE54-9A1E7A4F7556}") = "WebBlazorApp", "WebBlazorApp\WebBlazorApp.csproj", "{C7B019F5-D268-4619-A5B2-5F0BAAD13888}"
EndProject
Project("{9A19103F-16F7-4668-BE54-9A1E7A4F7556}") = "ContentMod", "ContentMod\ContentMod.csproj", "{42DF82BC-DBFB-400B-86EA-C71B06CD5852}"
EndProject
Project("{9A19103F-16F7-4668-BE54-9A1E7A4F7556}") = "ContentUI", "ContentUI\ContentUI.csproj", "{D074575A-25C9-4025-8438-F4EC88BD3AC5}"
EndProject
Project("{9A19103F-16F7-4668-BE54-9A1E7A4F7556}") = "DataCore", "DataCore\DataCore.csproj", "{0BB76577-AA61-4F83-B788-F291CB08C4CF}"
EndProject
Project("{9A19103F-16F7-4668-BE54-9A1E7A4F7556}") = "EFMod", "EFMod\EFMod.csproj", "{3D9812C0-C585-4C15-ABF7-9348DEFB6F24}"
EndProject
Project("{9A19103F-16F7-4668-BE54-9A1E7A4F7556}") = "xUnitTests", "xUnitTests\xUnitTests.csproj", "{B4EB1485-5993-4155-8F05-00F1F16F84F5}"
EndProject
Project("{9A19103F-16F7-4668-BE54-9A1E7A4F7556}") = "Sqlil", "Sqlil\Sqlil.csproj", "{A9467545-21B1-407E-9628-49F8B4D9DAD8}"
EndProject
Project("{9A19103F-16F7-4668-BE54-9A1E7A4F7556}") = "Sqlil.Tests", "Sqlil.Tests\Sqlil.Tests.csproj", "{A965670F-36F7-4F00-9C1E-F34AB4503819}"
EndProject
Project("{9A19103F-16F7-4668-BE54-9A1E7A4F7556}") = "Sqlil.Scratch", "Sqlil.Scratch\Sqlil.Scratch.csproj", "{502E6F2E-D6B6-43A0-BB1C-4BBC84CBFBD2}"
EndProject
Project("{9A19103F-16F7-4668-BE54-9A1E7A4F7556}") = "Sqlil.Core", "Sqlil.Core\Sqlil.Core.csproj", "{88C42743-F860-4A64-8C79-5BAE23045F21}"
EndProject
Project("{FAE04EC0-301F-11D3-BF4B-00C04F79EFBC}") = "WebBlazorServerApp", "WebBlazorServerApp\WebBlazorServerApp.csproj", "{A15E4A81-5591-40CA-8D31-EC3F7A467200}"
EndProject
Global
	GlobalSection(SolutionConfigurationPlatforms) = preSolution
		Debug|Any CPU = Debug|Any CPU
		Release|Any CPU = Release|Any CPU
	EndGlobalSection
	GlobalSection(ProjectConfigurationPlatforms) = postSolution
		{3942D52B-16C5-443C-AD1D-07B5CAE1C3DB}.Debug|Any CPU.ActiveCfg = Debug|Any CPU
		{3942D52B-16C5-443C-AD1D-07B5CAE1C3DB}.Debug|Any CPU.Build.0 = Debug|Any CPU
		{3942D52B-16C5-443C-AD1D-07B5CAE1C3DB}.Release|Any CPU.ActiveCfg = Release|Any CPU
		{3942D52B-16C5-443C-AD1D-07B5CAE1C3DB}.Release|Any CPU.Build.0 = Release|Any CPU
		{CDCEC6C8-896E-43F9-AAE9-760D990A0E59}.Debug|Any CPU.ActiveCfg = Debug|Any CPU
		{CDCEC6C8-896E-43F9-AAE9-760D990A0E59}.Debug|Any CPU.Build.0 = Debug|Any CPU
		{CDCEC6C8-896E-43F9-AAE9-760D990A0E59}.Release|Any CPU.ActiveCfg = Release|Any CPU
		{CDCEC6C8-896E-43F9-AAE9-760D990A0E59}.Release|Any CPU.Build.0 = Release|Any CPU
		{59B6A96D-C819-4688-885C-76F0BFD199E6}.Debug|Any CPU.ActiveCfg = Debug|Any CPU
		{59B6A96D-C819-4688-885C-76F0BFD199E6}.Debug|Any CPU.Build.0 = Debug|Any CPU
		{59B6A96D-C819-4688-885C-76F0BFD199E6}.Release|Any CPU.ActiveCfg = Release|Any CPU
		{59B6A96D-C819-4688-885C-76F0BFD199E6}.Release|Any CPU.Build.0 = Release|Any CPU
		{A4169CC8-0030-4347-BB31-84D964892DA8}.Debug|Any CPU.ActiveCfg = Debug|Any CPU
		{A4169CC8-0030-4347-BB31-84D964892DA8}.Debug|Any CPU.Build.0 = Debug|Any CPU
		{A4169CC8-0030-4347-BB31-84D964892DA8}.Release|Any CPU.ActiveCfg = Release|Any CPU
		{A4169CC8-0030-4347-BB31-84D964892DA8}.Release|Any CPU.Build.0 = Release|Any CPU
		{5E4426A8-CC97-4C27-96F6-B83788DF03A3}.Debug|Any CPU.ActiveCfg = Debug|Any CPU
		{5E4426A8-CC97-4C27-96F6-B83788DF03A3}.Debug|Any CPU.Build.0 = Debug|Any CPU
		{5E4426A8-CC97-4C27-96F6-B83788DF03A3}.Release|Any CPU.ActiveCfg = Release|Any CPU
		{5E4426A8-CC97-4C27-96F6-B83788DF03A3}.Release|Any CPU.Build.0 = Release|Any CPU
		{2A81A2D0-C582-418E-8B49-48B7CDCC76E9}.Debug|Any CPU.ActiveCfg = Debug|Any CPU
		{2A81A2D0-C582-418E-8B49-48B7CDCC76E9}.Debug|Any CPU.Build.0 = Debug|Any CPU
		{2A81A2D0-C582-418E-8B49-48B7CDCC76E9}.Release|Any CPU.ActiveCfg = Release|Any CPU
		{2A81A2D0-C582-418E-8B49-48B7CDCC76E9}.Release|Any CPU.Build.0 = Release|Any CPU
		{9D4A63DA-0DB0-4C68-A494-F2224ACEEF37}.Debug|Any CPU.ActiveCfg = Debug|Any CPU
		{9D4A63DA-0DB0-4C68-A494-F2224ACEEF37}.Debug|Any CPU.Build.0 = Debug|Any CPU
		{9D4A63DA-0DB0-4C68-A494-F2224ACEEF37}.Release|Any CPU.ActiveCfg = Release|Any CPU
		{9D4A63DA-0DB0-4C68-A494-F2224ACEEF37}.Release|Any CPU.Build.0 = Release|Any CPU
		{C7B019F5-D268-4619-A5B2-5F0BAAD13888}.Debug|Any CPU.ActiveCfg = Debug|Any CPU
		{C7B019F5-D268-4619-A5B2-5F0BAAD13888}.Debug|Any CPU.Build.0 = Debug|Any CPU
		{C7B019F5-D268-4619-A5B2-5F0BAAD13888}.Release|Any CPU.ActiveCfg = Release|Any CPU
		{C7B019F5-D268-4619-A5B2-5F0BAAD13888}.Release|Any CPU.Build.0 = Release|Any CPU
		{42DF82BC-DBFB-400B-86EA-C71B06CD5852}.Debug|Any CPU.ActiveCfg = Debug|Any CPU
		{42DF82BC-DBFB-400B-86EA-C71B06CD5852}.Debug|Any CPU.Build.0 = Debug|Any CPU
		{42DF82BC-DBFB-400B-86EA-C71B06CD5852}.Release|Any CPU.ActiveCfg = Release|Any CPU
		{42DF82BC-DBFB-400B-86EA-C71B06CD5852}.Release|Any CPU.Build.0 = Release|Any CPU
		{D074575A-25C9-4025-8438-F4EC88BD3AC5}.Debug|Any CPU.ActiveCfg = Debug|Any CPU
		{D074575A-25C9-4025-8438-F4EC88BD3AC5}.Debug|Any CPU.Build.0 = Debug|Any CPU
		{D074575A-25C9-4025-8438-F4EC88BD3AC5}.Release|Any CPU.ActiveCfg = Release|Any CPU
		{D074575A-25C9-4025-8438-F4EC88BD3AC5}.Release|Any CPU.Build.0 = Release|Any CPU
		{0BB76577-AA61-4F83-B788-F291CB08C4CF}.Debug|Any CPU.ActiveCfg = Debug|Any CPU
		{0BB76577-AA61-4F83-B788-F291CB08C4CF}.Debug|Any CPU.Build.0 = Debug|Any CPU
		{0BB76577-AA61-4F83-B788-F291CB08C4CF}.Release|Any CPU.ActiveCfg = Release|Any CPU
		{0BB76577-AA61-4F83-B788-F291CB08C4CF}.Release|Any CPU.Build.0 = Release|Any CPU
		{3D9812C0-C585-4C15-ABF7-9348DEFB6F24}.Debug|Any CPU.ActiveCfg = Debug|Any CPU
		{3D9812C0-C585-4C15-ABF7-9348DEFB6F24}.Debug|Any CPU.Build.0 = Debug|Any CPU
		{3D9812C0-C585-4C15-ABF7-9348DEFB6F24}.Release|Any CPU.ActiveCfg = Release|Any CPU
		{3D9812C0-C585-4C15-ABF7-9348DEFB6F24}.Release|Any CPU.Build.0 = Release|Any CPU
		{B4EB1485-5993-4155-8F05-00F1F16F84F5}.Debug|Any CPU.ActiveCfg = Debug|Any CPU
		{B4EB1485-5993-4155-8F05-00F1F16F84F5}.Debug|Any CPU.Build.0 = Debug|Any CPU
		{B4EB1485-5993-4155-8F05-00F1F16F84F5}.Release|Any CPU.ActiveCfg = Release|Any CPU
		{B4EB1485-5993-4155-8F05-00F1F16F84F5}.Release|Any CPU.Build.0 = Release|Any CPU
		{A9467545-21B1-407E-9628-49F8B4D9DAD8}.Debug|Any CPU.ActiveCfg = Debug|Any CPU
		{A9467545-21B1-407E-9628-49F8B4D9DAD8}.Debug|Any CPU.Build.0 = Debug|Any CPU
		{A9467545-21B1-407E-9628-49F8B4D9DAD8}.Release|Any CPU.ActiveCfg = Release|Any CPU
		{A9467545-21B1-407E-9628-49F8B4D9DAD8}.Release|Any CPU.Build.0 = Release|Any CPU
		{A965670F-36F7-4F00-9C1E-F34AB4503819}.Debug|Any CPU.ActiveCfg = Debug|Any CPU
		{A965670F-36F7-4F00-9C1E-F34AB4503819}.Debug|Any CPU.Build.0 = Debug|Any CPU
		{A965670F-36F7-4F00-9C1E-F34AB4503819}.Release|Any CPU.ActiveCfg = Release|Any CPU
		{A965670F-36F7-4F00-9C1E-F34AB4503819}.Release|Any CPU.Build.0 = Release|Any CPU
		{502E6F2E-D6B6-43A0-BB1C-4BBC84CBFBD2}.Debug|Any CPU.ActiveCfg = Debug|Any CPU
		{502E6F2E-D6B6-43A0-BB1C-4BBC84CBFBD2}.Debug|Any CPU.Build.0 = Debug|Any CPU
		{502E6F2E-D6B6-43A0-BB1C-4BBC84CBFBD2}.Release|Any CPU.ActiveCfg = Release|Any CPU
		{502E6F2E-D6B6-43A0-BB1C-4BBC84CBFBD2}.Release|Any CPU.Build.0 = Release|Any CPU
		{88C42743-F860-4A64-8C79-5BAE23045F21}.Debug|Any CPU.ActiveCfg = Debug|Any CPU
		{88C42743-F860-4A64-8C79-5BAE23045F21}.Debug|Any CPU.Build.0 = Debug|Any CPU
		{88C42743-F860-4A64-8C79-5BAE23045F21}.Release|Any CPU.ActiveCfg = Release|Any CPU
		{88C42743-F860-4A64-8C79-5BAE23045F21}.Release|Any CPU.Build.0 = Release|Any CPU
		{A15E4A81-5591-40CA-8D31-EC3F7A467200}.Debug|Any CPU.ActiveCfg = Debug|Any CPU
		{A15E4A81-5591-40CA-8D31-EC3F7A467200}.Debug|Any CPU.Build.0 = Debug|Any CPU
		{A15E4A81-5591-40CA-8D31-EC3F7A467200}.Release|Any CPU.ActiveCfg = Release|Any CPU
		{A15E4A81-5591-40CA-8D31-EC3F7A467200}.Release|Any CPU.Build.0 = Release|Any CPU
	EndGlobalSection
	GlobalSection(SolutionProperties) = preSolution
		HideSolutionNode = FALSE
	EndGlobalSection
	GlobalSection(ExtensibilityGlobals) = postSolution
		SolutionGuid = {AF682DD0-89E7-47BF-AE34-DE6C03807719}
	EndGlobalSection
EndGlobal
