
Microsoft Visual Studio Solution File, Format Version 12.00
# Visual Studio Version 17
VisualStudioVersion = 17.6.33815.320
MinimumVisualStudioVersion = 10.0.40219.1
Project("{9A19103F-16F7-4668-BE54-9A1E7A4F7556}") = "WebApp", "WebApp\WebApp.csproj", "{4F08C2C0-35B1-4253-A215-DCF51CD98AD1}"
EndProject
Project("{9A19103F-16F7-4668-BE54-9A1E7A4F7556}") = "NeonMuon", "NeonMuon\NeonMuon.csproj", "{8BA60424-871F-435D-98A1-CADA8CC56989}"
EndProject
Project("{FAE04EC0-301F-11D3-BF4B-00C04F79EFBC}") = "Sqlil.Core", "Sqlil.Core\Sqlil.Core.csproj", "{5E4DCB9B-2B9A-4D64-8658-30EE27472041}"
EndProject
Project("{FAE04EC0-301F-11D3-BF4B-00C04F79EFBC}") = "Sqlil", "Sqlil\Sqlil.csproj", "{1A12378B-7375-4F27-8F5E-F873D713EF83}"
EndProject
Project("{FAE04EC0-301F-11D3-BF4B-00C04F79EFBC}") = "Sqlil.Tests", "Sqlil.Tests\Sqlil.Tests.csproj", "{2B4393BA-3078-4762-8066-ECFC944C3465}"
EndProject
Project("{FAE04EC0-301F-11D3-BF4B-00C04F79EFBC}") = "Sqlil.Scratch", "Sqlil.Scratch\Sqlil.Scratch.csproj", "{86044BB7-F9C1-4A6A-AF36-E8CC953C12BA}"
EndProject
Global
	GlobalSection(SolutionConfigurationPlatforms) = preSolution
		Debug|Any CPU = Debug|Any CPU
		Debug|x64 = Debug|x64
		Debug|x86 = Debug|x86
		Release|Any CPU = Release|Any CPU
		Release|x64 = Release|x64
		Release|x86 = Release|x86
	EndGlobalSection
	GlobalSection(ProjectConfigurationPlatforms) = postSolution
		{4F08C2C0-35B1-4253-A215-DCF51CD98AD1}.Debug|Any CPU.ActiveCfg = Debug|Any CPU
		{4F08C2C0-35B1-4253-A215-DCF51CD98AD1}.Debug|Any CPU.Build.0 = Debug|Any CPU
		{4F08C2C0-35B1-4253-A215-DCF51CD98AD1}.Debug|x64.ActiveCfg = Debug|Any CPU
		{4F08C2C0-35B1-4253-A215-DCF51CD98AD1}.Debug|x64.Build.0 = Debug|Any CPU
		{4F08C2C0-35B1-4253-A215-DCF51CD98AD1}.Debug|x86.ActiveCfg = Debug|Any CPU
		{4F08C2C0-35B1-4253-A215-DCF51CD98AD1}.Debug|x86.Build.0 = Debug|Any CPU
		{4F08C2C0-35B1-4253-A215-DCF51CD98AD1}.Release|Any CPU.ActiveCfg = Release|Any CPU
		{4F08C2C0-35B1-4253-A215-DCF51CD98AD1}.Release|Any CPU.Build.0 = Release|Any CPU
		{4F08C2C0-35B1-4253-A215-DCF51CD98AD1}.Release|x64.ActiveCfg = Release|Any CPU
		{4F08C2C0-35B1-4253-A215-DCF51CD98AD1}.Release|x64.Build.0 = Release|Any CPU
		{4F08C2C0-35B1-4253-A215-DCF51CD98AD1}.Release|x86.ActiveCfg = Release|Any CPU
		{4F08C2C0-35B1-4253-A215-DCF51CD98AD1}.Release|x86.Build.0 = Release|Any CPU
		{8BA60424-871F-435D-98A1-CADA8CC56989}.Debug|Any CPU.ActiveCfg = Debug|Any CPU
		{8BA60424-871F-435D-98A1-CADA8CC56989}.Debug|Any CPU.Build.0 = Debug|Any CPU
		{8BA60424-871F-435D-98A1-CADA8CC56989}.Debug|x64.ActiveCfg = Debug|Any CPU
		{8BA60424-871F-435D-98A1-CADA8CC56989}.Debug|x64.Build.0 = Debug|Any CPU
		{8BA60424-871F-435D-98A1-CADA8CC56989}.Debug|x86.ActiveCfg = Debug|Any CPU
		{8BA60424-871F-435D-98A1-CADA8CC56989}.Debug|x86.Build.0 = Debug|Any CPU
		{8BA60424-871F-435D-98A1-CADA8CC56989}.Release|Any CPU.ActiveCfg = Release|Any CPU
		{8BA60424-871F-435D-98A1-CADA8CC56989}.Release|Any CPU.Build.0 = Release|Any CPU
		{8BA60424-871F-435D-98A1-CADA8CC56989}.Release|x64.ActiveCfg = Release|Any CPU
		{8BA60424-871F-435D-98A1-CADA8CC56989}.Release|x64.Build.0 = Release|Any CPU
		{8BA60424-871F-435D-98A1-CADA8CC56989}.Release|x86.ActiveCfg = Release|Any CPU
		{8BA60424-871F-435D-98A1-CADA8CC56989}.Release|x86.Build.0 = Release|Any CPU
		{5E4DCB9B-2B9A-4D64-8658-30EE27472041}.Debug|Any CPU.ActiveCfg = Debug|Any CPU
		{5E4DCB9B-2B9A-4D64-8658-30EE27472041}.Debug|Any CPU.Build.0 = Debug|Any CPU
		{5E4DCB9B-2B9A-4D64-8658-30EE27472041}.Debug|x64.ActiveCfg = Debug|Any CPU
		{5E4DCB9B-2B9A-4D64-8658-30EE27472041}.Debug|x64.Build.0 = Debug|Any CPU
		{5E4DCB9B-2B9A-4D64-8658-30EE27472041}.Debug|x86.ActiveCfg = Debug|Any CPU
		{5E4DCB9B-2B9A-4D64-8658-30EE27472041}.Debug|x86.Build.0 = Debug|Any CPU
		{5E4DCB9B-2B9A-4D64-8658-30EE27472041}.Release|Any CPU.ActiveCfg = Release|Any CPU
		{5E4DCB9B-2B9A-4D64-8658-30EE27472041}.Release|Any CPU.Build.0 = Release|Any CPU
		{5E4DCB9B-2B9A-4D64-8658-30EE27472041}.Release|x64.ActiveCfg = Release|Any CPU
		{5E4DCB9B-2B9A-4D64-8658-30EE27472041}.Release|x64.Build.0 = Release|Any CPU
		{5E4DCB9B-2B9A-4D64-8658-30EE27472041}.Release|x86.ActiveCfg = Release|Any CPU
		{5E4DCB9B-2B9A-4D64-8658-30EE27472041}.Release|x86.Build.0 = Release|Any CPU
		{1A12378B-7375-4F27-8F5E-F873D713EF83}.Debug|Any CPU.ActiveCfg = Debug|Any CPU
		{1A12378B-7375-4F27-8F5E-F873D713EF83}.Debug|Any CPU.Build.0 = Debug|Any CPU
		{1A12378B-7375-4F27-8F5E-F873D713EF83}.Debug|x64.ActiveCfg = Debug|Any CPU
		{1A12378B-7375-4F27-8F5E-F873D713EF83}.Debug|x64.Build.0 = Debug|Any CPU
		{1A12378B-7375-4F27-8F5E-F873D713EF83}.Debug|x86.ActiveCfg = Debug|Any CPU
		{1A12378B-7375-4F27-8F5E-F873D713EF83}.Debug|x86.Build.0 = Debug|Any CPU
		{1A12378B-7375-4F27-8F5E-F873D713EF83}.Release|Any CPU.ActiveCfg = Release|Any CPU
		{1A12378B-7375-4F27-8F5E-F873D713EF83}.Release|Any CPU.Build.0 = Release|Any CPU
		{1A12378B-7375-4F27-8F5E-F873D713EF83}.Release|x64.ActiveCfg = Release|Any CPU
		{1A12378B-7375-4F27-8F5E-F873D713EF83}.Release|x64.Build.0 = Release|Any CPU
		{1A12378B-7375-4F27-8F5E-F873D713EF83}.Release|x86.ActiveCfg = Release|Any CPU
		{1A12378B-7375-4F27-8F5E-F873D713EF83}.Release|x86.Build.0 = Release|Any CPU
		{2B4393BA-3078-4762-8066-ECFC944C3465}.Debug|Any CPU.ActiveCfg = Debug|Any CPU
		{2B4393BA-3078-4762-8066-ECFC944C3465}.Debug|Any CPU.Build.0 = Debug|Any CPU
		{2B4393BA-3078-4762-8066-ECFC944C3465}.Debug|x64.ActiveCfg = Debug|Any CPU
		{2B4393BA-3078-4762-8066-ECFC944C3465}.Debug|x64.Build.0 = Debug|Any CPU
		{2B4393BA-3078-4762-8066-ECFC944C3465}.Debug|x86.ActiveCfg = Debug|Any CPU
		{2B4393BA-3078-4762-8066-ECFC944C3465}.Debug|x86.Build.0 = Debug|Any CPU
		{2B4393BA-3078-4762-8066-ECFC944C3465}.Release|Any CPU.ActiveCfg = Release|Any CPU
		{2B4393BA-3078-4762-8066-ECFC944C3465}.Release|Any CPU.Build.0 = Release|Any CPU
		{2B4393BA-3078-4762-8066-ECFC944C3465}.Release|x64.ActiveCfg = Release|Any CPU
		{2B4393BA-3078-4762-8066-ECFC944C3465}.Release|x64.Build.0 = Release|Any CPU
		{2B4393BA-3078-4762-8066-ECFC944C3465}.Release|x86.ActiveCfg = Release|Any CPU
		{2B4393BA-3078-4762-8066-ECFC944C3465}.Release|x86.Build.0 = Release|Any CPU
		{86044BB7-F9C1-4A6A-AF36-E8CC953C12BA}.Debug|Any CPU.ActiveCfg = Debug|Any CPU
		{86044BB7-F9C1-4A6A-AF36-E8CC953C12BA}.Debug|Any CPU.Build.0 = Debug|Any CPU
		{86044BB7-F9C1-4A6A-AF36-E8CC953C12BA}.Debug|x64.ActiveCfg = Debug|Any CPU
		{86044BB7-F9C1-4A6A-AF36-E8CC953C12BA}.Debug|x64.Build.0 = Debug|Any CPU
		{86044BB7-F9C1-4A6A-AF36-E8CC953C12BA}.Debug|x86.ActiveCfg = Debug|Any CPU
		{86044BB7-F9C1-4A6A-AF36-E8CC953C12BA}.Debug|x86.Build.0 = Debug|Any CPU
		{86044BB7-F9C1-4A6A-AF36-E8CC953C12BA}.Release|Any CPU.ActiveCfg = Release|Any CPU
		{86044BB7-F9C1-4A6A-AF36-E8CC953C12BA}.Release|Any CPU.Build.0 = Release|Any CPU
		{86044BB7-F9C1-4A6A-AF36-E8CC953C12BA}.Release|x64.ActiveCfg = Release|Any CPU
		{86044BB7-F9C1-4A6A-AF36-E8CC953C12BA}.Release|x64.Build.0 = Release|Any CPU
		{86044BB7-F9C1-4A6A-AF36-E8CC953C12BA}.Release|x86.ActiveCfg = Release|Any CPU
		{86044BB7-F9C1-4A6A-AF36-E8CC953C12BA}.Release|x86.Build.0 = Release|Any CPU
	EndGlobalSection
	GlobalSection(SolutionProperties) = preSolution
		HideSolutionNode = FALSE
	EndGlobalSection
	GlobalSection(ExtensibilityGlobals) = postSolution
		SolutionGuid = {1C946033-54AE-4778-B526-FD20B4BABEAE}
	EndGlobalSection
EndGlobal
