<Solution>
  <Configurations>
    <Platform Name="Any CPU" />
    <Platform Name="x64" />
    <Platform Name="x86" />
  </Configurations>
  <Project Path="NeonMuon/NeonMuon.csproj" />
  <Project Path="Sqlil.Core/Sqlil.Core.csproj" />
  <Project Path="Sqlil.Scratch/Sqlil.Scratch.csproj" />
  <Project Path="Sqlil.Sqlite/Sqlil.Sqlite.csproj" />
  <Project Path="Sqlil.Sqlite.Tests/Sqlil.Sqlite.Tests.csproj" />
  <Project Path="Sqlil.Tests/Sqlil.Tests.csproj" />
  <Project Path="WebApp/WebApp.csproj" />
</Solution>
